Microsoft Visual Studio Solution File, Format Version 12.00
# Visual Studio Version 17
VisualStudioVersion = 17.5.2.0
MinimumVisualStudioVersion = 10.0.40219.1
Project("{FAE04EC0-301F-11D3-BF4B-00C04F79EFBC}") = "EShop.Data", "EShop.Data.csproj", "{43A6F0EE-F308-3FA2-8189-DC2547D06AFA}"
EndProject
Global
	GlobalSection(SolutionConfigurationPlatforms) = preSolution
		Debug|Any CPU = Debug|Any CPU
		Release|Any CPU = Release|Any CPU
	EndGlobalSection
	GlobalSection(ProjectConfigurationPlatforms) = postSolution
		{43A6F0EE-F308-3FA2-8189-DC2547D06AFA}.Debug|Any CPU.ActiveCfg = Debug|Any CPU
		{43A6F0EE-F308-3FA2-8189-DC2547D06AFA}.Debug|Any CPU.Build.0 = Debug|Any CPU
		{43A6F0EE-F308-3FA2-8189-DC2547D06AFA}.Release|Any CPU.ActiveCfg = Release|Any CPU
		{43A6F0EE-F308-3FA2-8189-DC2547D06AFA}.Release|Any CPU.Build.0 = Release|Any CPU
	EndGlobalSection
	GlobalSection(SolutionProperties) = preSolution
		HideSolutionNode = FALSE
	EndGlobalSection
	GlobalSection(ExtensibilityGlobals) = postSolution
		SolutionGuid = {94AC91AD-CBE8-46DF-B0E1-E42ADC435CF4}
	EndGlobalSection
EndGlobal
