
Microsoft Visual Studio Solution File, Format Version 12.00
# Visual Studio Version 17
VisualStudioVersion = 17.5.002.0
MinimumVisualStudioVersion = 10.0.40219.1
Project("{9A19103F-16F7-4668-BE54-9A1E7A4F7556}") = "Project02_MVC_withCLI_TopLevelStatement", "Project02_MVC_withCLI_TopLevelStatement.csproj", "{71024EAB-3E9B-412C-9B5F-EC4AC8D49FE8}"
EndProject
Global
	GlobalSection(SolutionConfigurationPlatforms) = preSolution
		Debug|Any CPU = Debug|Any CPU
		Release|Any CPU = Release|Any CPU
	EndGlobalSection
	GlobalSection(ProjectConfigurationPlatforms) = postSolution
		{71024EAB-3E9B-412C-9B5F-EC4AC8D49FE8}.Debug|Any CPU.ActiveCfg = Debug|Any CPU
		{71024EAB-3E9B-412C-9B5F-EC4AC8D49FE8}.Debug|Any CPU.Build.0 = Debug|Any CPU
		{71024EAB-3E9B-412C-9B5F-EC4AC8D49FE8}.Release|Any CPU.ActiveCfg = Release|Any CPU
		{71024EAB-3E9B-412C-9B5F-EC4AC8D49FE8}.Release|Any CPU.Build.0 = Release|Any CPU
	EndGlobalSection
	GlobalSection(SolutionProperties) = preSolution
		HideSolutionNode = FALSE
	EndGlobalSection
	GlobalSection(ExtensibilityGlobals) = postSolution
		SolutionGuid = {7A98E2E2-1E1F-416E-BBB2-D398E6C3FFC1}
	EndGlobalSection
EndGlobal
