
Microsoft Visual Studio Solution File, Format Version 12.00
# Visual Studio Version 17
VisualStudioVersion = 17.5.002.0
MinimumVisualStudioVersion = 10.0.40219.1
Project("{9A19103F-16F7-4668-BE54-9A1E7A4F7556}") = "Project01_MVC_withCLI", "Project01_MVC_withCLI.csproj", "{E964FDB6-6578-4B0A-946D-099757EDB9D4}"
EndProject
Global
	GlobalSection(SolutionConfigurationPlatforms) = preSolution
		Debug|Any CPU = Debug|Any CPU
		Release|Any CPU = Release|Any CPU
	EndGlobalSection
	GlobalSection(ProjectConfigurationPlatforms) = postSolution
		{E964FDB6-6578-4B0A-946D-099757EDB9D4}.Debug|Any CPU.ActiveCfg = Debug|Any CPU
		{E964FDB6-6578-4B0A-946D-099757EDB9D4}.Debug|Any CPU.Build.0 = Debug|Any CPU
		{E964FDB6-6578-4B0A-946D-099757EDB9D4}.Release|Any CPU.ActiveCfg = Release|Any CPU
		{E964FDB6-6578-4B0A-946D-099757EDB9D4}.Release|Any CPU.Build.0 = Release|Any CPU
	EndGlobalSection
	GlobalSection(SolutionProperties) = preSolution
		HideSolutionNode = FALSE
	EndGlobalSection
	GlobalSection(ExtensibilityGlobals) = postSolution
		SolutionGuid = {8396B1E4-C286-42D0-B0DA-6848D283A935}
	EndGlobalSection
EndGlobal
