
Microsoft Visual Studio Solution File, Format Version 12.00
# Visual Studio Version 17
VisualStudioVersion = 17.5.002.0
MinimumVisualStudioVersion = 10.0.40219.1
Project("{9A19103F-16F7-4668-BE54-9A1E7A4F7556}") = "Project10_ErrorHandling", "Project10_ErrorHandling.csproj", "{8051D327-B65B-452E-8559-1113161CAFFB}"
EndProject
Global
	GlobalSection(SolutionConfigurationPlatforms) = preSolution
		Debug|Any CPU = Debug|Any CPU
		Release|Any CPU = Release|Any CPU
	EndGlobalSection
	GlobalSection(ProjectConfigurationPlatforms) = postSolution
		{8051D327-B65B-452E-8559-1113161CAFFB}.Debug|Any CPU.ActiveCfg = Debug|Any CPU
		{8051D327-B65B-452E-8559-1113161CAFFB}.Debug|Any CPU.Build.0 = Debug|Any CPU
		{8051D327-B65B-452E-8559-1113161CAFFB}.Release|Any CPU.ActiveCfg = Release|Any CPU
		{8051D327-B65B-452E-8559-1113161CAFFB}.Release|Any CPU.Build.0 = Release|Any CPU
	EndGlobalSection
	GlobalSection(SolutionProperties) = preSolution
		HideSolutionNode = FALSE
	EndGlobalSection
	GlobalSection(ExtensibilityGlobals) = postSolution
		SolutionGuid = {5C28A752-90F5-4A66-9C3F-3C89DEB130C6}
	EndGlobalSection
EndGlobal
